// !$*UTF8*$!
{
	archiveVersion = 1;
	classes = {
	};
	objectVersion = 48;
	objects = {

/* Begin PBXBuildFile section */
		41175CCD2046D1B800E75108 /* eval.m in Sources */ = {isa = PBXBuildFile; fileRef = 41175CC52046D1B800E75108 /* eval.m */; };
		41175CCE2046D1B800E75108 /* built-in.m in Sources */ = {isa = PBXBuildFile; fileRef = 41175CC62046D1B800E75108 /* built-in.m */; };
		41175CD02046D1B800E75108 /* execute.m in Sources */ = {isa = PBXBuildFile; fileRef = 41175CC82046D1B800E75108 /* execute.m */; };
		41175CD12046D1B800E75108 /* MANBlock.m in Sources */ = {isa = PBXBuildFile; fileRef = 41175CC92046D1B800E75108 /* MANBlock.m */; };
		41175CD62046DD1B00E75108 /* ANEValue.m in Sources */ = {isa = PBXBuildFile; fileRef = 41175CD52046DD1B00E75108 /* ANEValue.m */; };
		41175CD92046DD8F00E75108 /* MANScopeChain.m in Sources */ = {isa = PBXBuildFile; fileRef = 41175CD82046DD8F00E75108 /* MANScopeChain.m */; };
		41175CDC2046DDD300E75108 /* MANStatementResult.m in Sources */ = {isa = PBXBuildFile; fileRef = 41175CDB2046DDD300E75108 /* MANStatementResult.m */; };
		41175CDF2046DDFD00E75108 /* MANStack.m in Sources */ = {isa = PBXBuildFile; fileRef = 41175CDE2046DDFD00E75108 /* MANStack.m */; };
		41175CE52046E92000E75108 /* MANContext.m in Sources */ = {isa = PBXBuildFile; fileRef = 41175CE42046E92000E75108 /* MANContext.m */; };
		412E4A691FFB60F20074536F /* demo.ana in Resources */ = {isa = PBXBuildFile; fileRef = 412E4A681FFB60F20074536F /* demo.ana */; };
		4179D0A720403A52009CB6D3 /* ANANASMethodMapTable.m in Sources */ = {isa = PBXBuildFile; fileRef = 4179D0A620403A52009CB6D3 /* ANANASMethodMapTable.m */; };
		4179D0AA20412CBD009CB6D3 /* ANANASStructDeclareTable.m in Sources */ = {isa = PBXBuildFile; fileRef = 4179D0A920412CBD009CB6D3 /* ANANASStructDeclareTable.m */; };
		41C98B151FC2D1DA00BADBE9 /* MANDeclaration.m in Sources */ = {isa = PBXBuildFile; fileRef = 41C98B141FC2D1DA00BADBE9 /* MANDeclaration.m */; };
		41C98B1B1FC6B26500BADBE9 /* MANInterpreter.m in Sources */ = {isa = PBXBuildFile; fileRef = 41C98B1A1FC6B26500BADBE9 /* MANInterpreter.m */; };
		41CB962B1FCFF43100373143 /* errrorc.m in Sources */ = {isa = PBXBuildFile; fileRef = 41CB962A1FCFF43100373143 /* errrorc.m */; };
		41D02D1C1FA8A09300E1829A /* AppDelegate.m in Sources */ = {isa = PBXBuildFile; fileRef = 41D02D1B1FA8A09300E1829A /* AppDelegate.m */; };
		41D02D1F1FA8A09400E1829A /* ViewController.m in Sources */ = {isa = PBXBuildFile; fileRef = 41D02D1E1FA8A09400E1829A /* ViewController.m */; };
		41D02D221FA8A09400E1829A /* Main.storyboard in Resources */ = {isa = PBXBuildFile; fileRef = 41D02D201FA8A09400E1829A /* Main.storyboard */; };
		41D02D241FA8A09400E1829A /* Assets.xcassets in Resources */ = {isa = PBXBuildFile; fileRef = 41D02D231FA8A09400E1829A /* Assets.xcassets */; };
		41D02D271FA8A09400E1829A /* LaunchScreen.storyboard in Resources */ = {isa = PBXBuildFile; fileRef = 41D02D251FA8A09400E1829A /* LaunchScreen.storyboard */; };
		41D02D2A1FA8A09400E1829A /* main.m in Sources */ = {isa = PBXBuildFile; fileRef = 41D02D291FA8A09400E1829A /* main.m */; };
		41D02D341FA8A09400E1829A /* ananasExampleTests.m in Sources */ = {isa = PBXBuildFile; fileRef = 41D02D331FA8A09400E1829A /* ananasExampleTests.m */; };
		41D02D3F1FA8A09400E1829A /* ananasExampleUITests.m in Sources */ = {isa = PBXBuildFile; fileRef = 41D02D3E1FA8A09400E1829A /* ananasExampleUITests.m */; };
		41D02D591FA9A5E000E1829A /* create.m in Sources */ = {isa = PBXBuildFile; fileRef = 41D02D581FA9A5E000E1829A /* create.m */; };
		41D6AFFA1FAC3B930043AB4A /* mango.l in Sources */ = {isa = PBXBuildFile; fileRef = 41D02D6A1FA9C00700E1829A /* mango.l */; };
		41D6AFFB1FAC3B930043AB4A /* mango.y in Sources */ = {isa = PBXBuildFile; fileRef = 41D02D6B1FA9C00700E1829A /* mango.y */; };
		41DD956220230E4000C9DAD2 /* libffi.a in Frameworks */ = {isa = PBXBuildFile; fileRef = 41DD955F20230E3F00C9DAD2 /* libffi.a */; };
		41DD95642036B77000C9DAD2 /* util.m in Sources */ = {isa = PBXBuildFile; fileRef = 41DD95632036B77000C9DAD2 /* util.m */; };
		41DF5B3B20418DEE0042E639 /* CTBlockDescription.m in Sources */ = {isa = PBXBuildFile; fileRef = 41DF5B3720418DED0042E639 /* CTBlockDescription.m */; };
		41DF5B3C20418DEE0042E639 /* CTObjectiveCRuntimeAdditions.m in Sources */ = {isa = PBXBuildFile; fileRef = 41DF5B3820418DED0042E639 /* CTObjectiveCRuntimeAdditions.m */; };
		41E543571FCD312600E6CED5 /* MANBlockBody.m in Sources */ = {isa = PBXBuildFile; fileRef = 41E543561FCD312600E6CED5 /* MANBlockBody.m */; };
		41E83EA61FB9671200A48592 /* MANExpression.m in Sources */ = {isa = PBXBuildFile; fileRef = 41E83EA51FB9671200A48592 /* MANExpression.m */; };
		41E83EA91FB992C200A48592 /* MANTypeSpecifier.m in Sources */ = {isa = PBXBuildFile; fileRef = 41E83EA81FB992C200A48592 /* MANTypeSpecifier.m */; };
		41E83EAC1FBD5F8E00A48592 /* MANClassDefinition.m in Sources */ = {isa = PBXBuildFile; fileRef = 41E83EAB1FBD5F8E00A48592 /* MANClassDefinition.m */; };
		41E83EAF1FBD653900A48592 /* MANFunctionDefinition.m in Sources */ = {isa = PBXBuildFile; fileRef = 41E83EAE1FBD653900A48592 /* MANFunctionDefinition.m */; };
		41E83EB21FBD6F6600A48592 /* MANStatement.m in Sources */ = {isa = PBXBuildFile; fileRef = 41E83EB11FBD6F6600A48592 /* MANStatement.m */; };
		41E83EB51FBD8C9E00A48592 /* MANStructDeclare.m in Sources */ = {isa = PBXBuildFile; fileRef = 41E83EB41FBD8C9E00A48592 /* MANStructDeclare.m */; };
/* End PBXBuildFile section */

/* Begin PBXContainerItemProxy section */
		41D02D301FA8A09400E1829A /* PBXContainerItemProxy */ = {
			isa = PBXContainerItemProxy;
			containerPortal = 41D02D0F1FA8A09300E1829A /* Project object */;
			proxyType = 1;
			remoteGlobalIDString = 41D02D161FA8A09300E1829A;
			remoteInfo = ananasExample;
		};
		41D02D3B1FA8A09400E1829A /* PBXContainerItemProxy */ = {
			isa = PBXContainerItemProxy;
			containerPortal = 41D02D0F1FA8A09300E1829A /* Project object */;
			proxyType = 1;
			remoteGlobalIDString = 41D02D161FA8A09300E1829A;
			remoteInfo = ananasExample;
		};
/* End PBXContainerItemProxy section */

/* Begin PBXFileReference section */
		41175CC52046D1B800E75108 /* eval.m */ = {isa = PBXFileReference; fileEncoding = 4; lastKnownFileType = sourcecode.c.objc; path = eval.m; sourceTree = "<group>"; };
		41175CC62046D1B800E75108 /* built-in.m */ = {isa = PBXFileReference; fileEncoding = 4; lastKnownFileType = sourcecode.c.objc; path = "built-in.m"; sourceTree = "<group>"; };
		41175CC82046D1B800E75108 /* execute.m */ = {isa = PBXFileReference; fileEncoding = 4; lastKnownFileType = sourcecode.c.objc; path = execute.m; sourceTree = "<group>"; };
		41175CC92046D1B800E75108 /* MANBlock.m */ = {isa = PBXFileReference; fileEncoding = 4; lastKnownFileType = sourcecode.c.objc; path = MANBlock.m; sourceTree = "<group>"; };
		41175CCA2046D1B800E75108 /* MANBlock.h */ = {isa = PBXFileReference; fileEncoding = 4; lastKnownFileType = sourcecode.c.h; path = MANBlock.h; sourceTree = "<group>"; };
		41175CCB2046D1B800E75108 /* execute.h */ = {isa = PBXFileReference; fileEncoding = 4; lastKnownFileType = sourcecode.c.h; path = execute.h; sourceTree = "<group>"; };
		41175CD22046D24E00E75108 /* create.h */ = {isa = PBXFileReference; lastKnownFileType = sourcecode.c.h; path = create.h; sourceTree = "<group>"; };
		41175CD42046DD1B00E75108 /* ANEValue.h */ = {isa = PBXFileReference; lastKnownFileType = sourcecode.c.h; path = ANEValue.h; sourceTree = "<group>"; };
		41175CD52046DD1B00E75108 /* ANEValue.m */ = {isa = PBXFileReference; lastKnownFileType = sourcecode.c.objc; path = ANEValue.m; sourceTree = "<group>"; };
		41175CD72046DD8F00E75108 /* MANScopeChain.h */ = {isa = PBXFileReference; lastKnownFileType = sourcecode.c.h; path = MANScopeChain.h; sourceTree = "<group>"; };
		41175CD82046DD8F00E75108 /* MANScopeChain.m */ = {isa = PBXFileReference; lastKnownFileType = sourcecode.c.objc; path = MANScopeChain.m; sourceTree = "<group>"; };
		41175CDA2046DDD300E75108 /* MANStatementResult.h */ = {isa = PBXFileReference; lastKnownFileType = sourcecode.c.h; path = MANStatementResult.h; sourceTree = "<group>"; };
		41175CDB2046DDD300E75108 /* MANStatementResult.m */ = {isa = PBXFileReference; lastKnownFileType = sourcecode.c.objc; path = MANStatementResult.m; sourceTree = "<group>"; };
		41175CDD2046DDFD00E75108 /* MANStack.h */ = {isa = PBXFileReference; lastKnownFileType = sourcecode.c.h; path = MANStack.h; sourceTree = "<group>"; };
		41175CDE2046DDFD00E75108 /* MANStack.m */ = {isa = PBXFileReference; lastKnownFileType = sourcecode.c.objc; path = MANStack.m; sourceTree = "<group>"; };
		41175CE02046DF5400E75108 /* runenv.h */ = {isa = PBXFileReference; lastKnownFileType = sourcecode.c.h; path = runenv.h; sourceTree = "<group>"; };
		41175CE32046E92000E75108 /* MANContext.h */ = {isa = PBXFileReference; fileEncoding = 4; lastKnownFileType = sourcecode.c.h; path = MANContext.h; sourceTree = "<group>"; };
		41175CE42046E92000E75108 /* MANContext.m */ = {isa = PBXFileReference; fileEncoding = 4; lastKnownFileType = sourcecode.c.objc; path = MANContext.m; sourceTree = "<group>"; };
		412E4A681FFB60F20074536F /* demo.ana */ = {isa = PBXFileReference; lastKnownFileType = text; path = demo.ana; sourceTree = "<group>"; };
		4179D0A520403A52009CB6D3 /* ANANASMethodMapTable.h */ = {isa = PBXFileReference; lastKnownFileType = sourcecode.c.h; path = ANANASMethodMapTable.h; sourceTree = "<group>"; };
		4179D0A620403A52009CB6D3 /* ANANASMethodMapTable.m */ = {isa = PBXFileReference; lastKnownFileType = sourcecode.c.objc; path = ANANASMethodMapTable.m; sourceTree = "<group>"; };
		4179D0A820412CBD009CB6D3 /* ANANASStructDeclareTable.h */ = {isa = PBXFileReference; lastKnownFileType = sourcecode.c.h; path = ANANASStructDeclareTable.h; sourceTree = "<group>"; };
		4179D0A920412CBD009CB6D3 /* ANANASStructDeclareTable.m */ = {isa = PBXFileReference; lastKnownFileType = sourcecode.c.objc; path = ANANASStructDeclareTable.m; sourceTree = "<group>"; };
		41C98B131FC2D1DA00BADBE9 /* MANDeclaration.h */ = {isa = PBXFileReference; lastKnownFileType = sourcecode.c.h; path = MANDeclaration.h; sourceTree = "<group>"; };
		41C98B141FC2D1DA00BADBE9 /* MANDeclaration.m */ = {isa = PBXFileReference; lastKnownFileType = sourcecode.c.objc; path = MANDeclaration.m; sourceTree = "<group>"; };
		41C98B191FC6B26500BADBE9 /* MANInterpreter.h */ = {isa = PBXFileReference; lastKnownFileType = sourcecode.c.h; path = MANInterpreter.h; sourceTree = "<group>"; };
		41C98B1A1FC6B26500BADBE9 /* MANInterpreter.m */ = {isa = PBXFileReference; lastKnownFileType = sourcecode.c.objc; path = MANInterpreter.m; sourceTree = "<group>"; };
		41CB962A1FCFF43100373143 /* errrorc.m */ = {isa = PBXFileReference; lastKnownFileType = sourcecode.c.objc; path = errrorc.m; sourceTree = "<group>"; };
		41D02D171FA8A09300E1829A /* ananasExample.app */ = {isa = PBXFileReference; explicitFileType = wrapper.application; includeInIndex = 0; path = ananasExample.app; sourceTree = BUILT_PRODUCTS_DIR; };
		41D02D1A1FA8A09300E1829A /* AppDelegate.h */ = {isa = PBXFileReference; lastKnownFileType = sourcecode.c.h; path = AppDelegate.h; sourceTree = "<group>"; };
		41D02D1B1FA8A09300E1829A /* AppDelegate.m */ = {isa = PBXFileReference; lastKnownFileType = sourcecode.c.objc; path = AppDelegate.m; sourceTree = "<group>"; };
		41D02D1D1FA8A09400E1829A /* ViewController.h */ = {isa = PBXFileReference; lastKnownFileType = sourcecode.c.h; path = ViewController.h; sourceTree = "<group>"; };
		41D02D1E1FA8A09400E1829A /* ViewController.m */ = {isa = PBXFileReference; lastKnownFileType = sourcecode.c.objc; path = ViewController.m; sourceTree = "<group>"; };
		41D02D211FA8A09400E1829A /* Base */ = {isa = PBXFileReference; lastKnownFileType = file.storyboard; name = Base; path = Base.lproj/Main.storyboard; sourceTree = "<group>"; };
		41D02D231FA8A09400E1829A /* Assets.xcassets */ = {isa = PBXFileReference; lastKnownFileType = folder.assetcatalog; path = Assets.xcassets; sourceTree = "<group>"; };
		41D02D261FA8A09400E1829A /* Base */ = {isa = PBXFileReference; lastKnownFileType = file.storyboard; name = Base; path = Base.lproj/LaunchScreen.storyboard; sourceTree = "<group>"; };
		41D02D281FA8A09400E1829A /* Info.plist */ = {isa = PBXFileReference; lastKnownFileType = text.plist.xml; path = Info.plist; sourceTree = "<group>"; };
		41D02D291FA8A09400E1829A /* main.m */ = {isa = PBXFileReference; lastKnownFileType = sourcecode.c.objc; path = main.m; sourceTree = "<group>"; };
		41D02D2F1FA8A09400E1829A /* ananasExampleTests.xctest */ = {isa = PBXFileReference; explicitFileType = wrapper.cfbundle; includeInIndex = 0; path = ananasExampleTests.xctest; sourceTree = BUILT_PRODUCTS_DIR; };
		41D02D331FA8A09400E1829A /* ananasExampleTests.m */ = {isa = PBXFileReference; lastKnownFileType = sourcecode.c.objc; path = ananasExampleTests.m; sourceTree = "<group>"; };
		41D02D351FA8A09400E1829A /* Info.plist */ = {isa = PBXFileReference; lastKnownFileType = text.plist.xml; path = Info.plist; sourceTree = "<group>"; };
		41D02D3A1FA8A09400E1829A /* ananasExampleUITests.xctest */ = {isa = PBXFileReference; explicitFileType = wrapper.cfbundle; includeInIndex = 0; path = ananasExampleUITests.xctest; sourceTree = BUILT_PRODUCTS_DIR; };
		41D02D3E1FA8A09400E1829A /* ananasExampleUITests.m */ = {isa = PBXFileReference; lastKnownFileType = sourcecode.c.objc; path = ananasExampleUITests.m; sourceTree = "<group>"; };
		41D02D401FA8A09400E1829A /* Info.plist */ = {isa = PBXFileReference; lastKnownFileType = text.plist.xml; path = Info.plist; sourceTree = "<group>"; };
		41D02D571FA9A53500E1829A /* mango.h */ = {isa = PBXFileReference; lastKnownFileType = sourcecode.c.h; path = mango.h; sourceTree = "<group>"; };
		41D02D581FA9A5E000E1829A /* create.m */ = {isa = PBXFileReference; lastKnownFileType = sourcecode.c.objc; path = create.m; sourceTree = "<group>"; };
		41D02D6A1FA9C00700E1829A /* mango.l */ = {isa = PBXFileReference; fileEncoding = 4; lastKnownFileType = sourcecode.lex; path = mango.l; sourceTree = "<group>"; };
		41D02D6B1FA9C00700E1829A /* mango.y */ = {isa = PBXFileReference; fileEncoding = 4; lastKnownFileType = sourcecode.yacc; path = mango.y; sourceTree = "<group>"; };
		41DD955720230E3F00C9DAD2 /* ffitarget_arm64.h */ = {isa = PBXFileReference; fileEncoding = 4; lastKnownFileType = sourcecode.c.h; path = ffitarget_arm64.h; sourceTree = "<group>"; };
		41DD955820230E3F00C9DAD2 /* ffitarget.h */ = {isa = PBXFileReference; fileEncoding = 4; lastKnownFileType = sourcecode.c.h; path = ffitarget.h; sourceTree = "<group>"; };
		41DD955920230E3F00C9DAD2 /* ffi_arm.h */ = {isa = PBXFileReference; fileEncoding = 4; lastKnownFileType = sourcecode.c.h; path = ffi_arm.h; sourceTree = "<group>"; };
		41DD955A20230E3F00C9DAD2 /* ffi_i386.h */ = {isa = PBXFileReference; fileEncoding = 4; lastKnownFileType = sourcecode.c.h; path = ffi_i386.h; sourceTree = "<group>"; };
		41DD955B20230E3F00C9DAD2 /* ffitarget_x86_64.h */ = {isa = PBXFileReference; fileEncoding = 4; lastKnownFileType = sourcecode.c.h; path = ffitarget_x86_64.h; sourceTree = "<group>"; };
		41DD955C20230E3F00C9DAD2 /* ffi_x86_64.h */ = {isa = PBXFileReference; fileEncoding = 4; lastKnownFileType = sourcecode.c.h; path = ffi_x86_64.h; sourceTree = "<group>"; };
		41DD955D20230E3F00C9DAD2 /* ffitarget_arm.h */ = {isa = PBXFileReference; fileEncoding = 4; lastKnownFileType = sourcecode.c.h; path = ffitarget_arm.h; sourceTree = "<group>"; };
		41DD955E20230E3F00C9DAD2 /* ffitarget_i386.h */ = {isa = PBXFileReference; fileEncoding = 4; lastKnownFileType = sourcecode.c.h; path = ffitarget_i386.h; sourceTree = "<group>"; };
		41DD955F20230E3F00C9DAD2 /* libffi.a */ = {isa = PBXFileReference; lastKnownFileType = archive.ar; path = libffi.a; sourceTree = "<group>"; };
		41DD956020230E3F00C9DAD2 /* ffi.h */ = {isa = PBXFileReference; fileEncoding = 4; lastKnownFileType = sourcecode.c.h; path = ffi.h; sourceTree = "<group>"; };
		41DD956120230E3F00C9DAD2 /* ffi_arm64.h */ = {isa = PBXFileReference; fileEncoding = 4; lastKnownFileType = sourcecode.c.h; path = ffi_arm64.h; sourceTree = "<group>"; };
		41DD95632036B77000C9DAD2 /* util.m */ = {isa = PBXFileReference; lastKnownFileType = sourcecode.c.objc; path = util.m; sourceTree = "<group>"; };
		41DD95652036B78A00C9DAD2 /* util.h */ = {isa = PBXFileReference; lastKnownFileType = sourcecode.c.h; path = util.h; sourceTree = "<group>"; };
		41DF5B3720418DED0042E639 /* CTBlockDescription.m */ = {isa = PBXFileReference; fileEncoding = 4; lastKnownFileType = sourcecode.c.objc; path = CTBlockDescription.m; sourceTree = "<group>"; };
		41DF5B3820418DED0042E639 /* CTObjectiveCRuntimeAdditions.m */ = {isa = PBXFileReference; fileEncoding = 4; lastKnownFileType = sourcecode.c.objc; path = CTObjectiveCRuntimeAdditions.m; sourceTree = "<group>"; };
		41DF5B3920418DED0042E639 /* CTBlockDescription.h */ = {isa = PBXFileReference; fileEncoding = 4; lastKnownFileType = sourcecode.c.h; path = CTBlockDescription.h; sourceTree = "<group>"; };
		41DF5B3A20418DED0042E639 /* CTObjectiveCRuntimeAdditions.h */ = {isa = PBXFileReference; fileEncoding = 4; lastKnownFileType = sourcecode.c.h; path = CTObjectiveCRuntimeAdditions.h; sourceTree = "<group>"; };
		41E543551FCD312600E6CED5 /* MANBlockBody.h */ = {isa = PBXFileReference; lastKnownFileType = sourcecode.c.h; path = MANBlockBody.h; sourceTree = "<group>"; };
		41E543561FCD312600E6CED5 /* MANBlockBody.m */ = {isa = PBXFileReference; lastKnownFileType = sourcecode.c.objc; path = MANBlockBody.m; sourceTree = "<group>"; };
		41E83EA41FB9671200A48592 /* MANExpression.h */ = {isa = PBXFileReference; lastKnownFileType = sourcecode.c.h; path = MANExpression.h; sourceTree = "<group>"; };
		41E83EA51FB9671200A48592 /* MANExpression.m */ = {isa = PBXFileReference; lastKnownFileType = sourcecode.c.objc; path = MANExpression.m; sourceTree = "<group>"; };
		41E83EA71FB992C200A48592 /* MANTypeSpecifier.h */ = {isa = PBXFileReference; lastKnownFileType = sourcecode.c.h; path = MANTypeSpecifier.h; sourceTree = "<group>"; };
		41E83EA81FB992C200A48592 /* MANTypeSpecifier.m */ = {isa = PBXFileReference; lastKnownFileType = sourcecode.c.objc; path = MANTypeSpecifier.m; sourceTree = "<group>"; };
		41E83EAA1FBD5F8E00A48592 /* MANClassDefinition.h */ = {isa = PBXFileReference; lastKnownFileType = sourcecode.c.h; path = MANClassDefinition.h; sourceTree = "<group>"; };
		41E83EAB1FBD5F8E00A48592 /* MANClassDefinition.m */ = {isa = PBXFileReference; lastKnownFileType = sourcecode.c.objc; path = MANClassDefinition.m; sourceTree = "<group>"; };
		41E83EAD1FBD653900A48592 /* MANFunctionDefinition.h */ = {isa = PBXFileReference; lastKnownFileType = sourcecode.c.h; path = MANFunctionDefinition.h; sourceTree = "<group>"; };
		41E83EAE1FBD653900A48592 /* MANFunctionDefinition.m */ = {isa = PBXFileReference; lastKnownFileType = sourcecode.c.objc; path = MANFunctionDefinition.m; sourceTree = "<group>"; };
		41E83EB01FBD6F6600A48592 /* MANStatement.h */ = {isa = PBXFileReference; lastKnownFileType = sourcecode.c.h; path = MANStatement.h; sourceTree = "<group>"; };
		41E83EB11FBD6F6600A48592 /* MANStatement.m */ = {isa = PBXFileReference; lastKnownFileType = sourcecode.c.objc; path = MANStatement.m; sourceTree = "<group>"; };
		41E83EB31FBD8C9E00A48592 /* MANStructDeclare.h */ = {isa = PBXFileReference; lastKnownFileType = sourcecode.c.h; path = MANStructDeclare.h; sourceTree = "<group>"; };
		41E83EB41FBD8C9E00A48592 /* MANStructDeclare.m */ = {isa = PBXFileReference; lastKnownFileType = sourcecode.c.objc; path = MANStructDeclare.m; sourceTree = "<group>"; };
		41E83EB71FBDBED200A48592 /* man_ast.h */ = {isa = PBXFileReference; lastKnownFileType = sourcecode.c.h; path = man_ast.h; sourceTree = "<group>"; };
/* End PBXFileReference section */

/* Begin PBXFrameworksBuildPhase section */
		41D02D141FA8A09300E1829A /* Frameworks */ = {
			isa = PBXFrameworksBuildPhase;
			buildActionMask = 2147483647;
			files = (
				41DD956220230E4000C9DAD2 /* libffi.a in Frameworks */,
			);
			runOnlyForDeploymentPostprocessing = 0;
		};
		41D02D2C1FA8A09400E1829A /* Frameworks */ = {
			isa = PBXFrameworksBuildPhase;
			buildActionMask = 2147483647;
			files = (
			);
			runOnlyForDeploymentPostprocessing = 0;
		};
		41D02D371FA8A09400E1829A /* Frameworks */ = {
			isa = PBXFrameworksBuildPhase;
			buildActionMask = 2147483647;
			files = (
			);
			runOnlyForDeploymentPostprocessing = 0;
		};
/* End PBXFrameworksBuildPhase section */

/* Begin PBXGroup section */
		41175CC42046D1B800E75108 /* execute */ = {
			isa = PBXGroup;
			children = (
				41175CD32046DCDF00E75108 /* runenv */,
				41175CC52046D1B800E75108 /* eval.m */,
				41175CC62046D1B800E75108 /* built-in.m */,
				41175CC82046D1B800E75108 /* execute.m */,
				41175CCB2046D1B800E75108 /* execute.h */,
			);
			path = execute;
			sourceTree = "<group>";
		};
		41175CD32046DCDF00E75108 /* runenv */ = {
			isa = PBXGroup;
			children = (
				4179D0A520403A52009CB6D3 /* ANANASMethodMapTable.h */,
				4179D0A620403A52009CB6D3 /* ANANASMethodMapTable.m */,
				4179D0A820412CBD009CB6D3 /* ANANASStructDeclareTable.h */,
				4179D0A920412CBD009CB6D3 /* ANANASStructDeclareTable.m */,
				41175CC92046D1B800E75108 /* MANBlock.m */,
				41175CCA2046D1B800E75108 /* MANBlock.h */,
				41175CD42046DD1B00E75108 /* ANEValue.h */,
				41175CD52046DD1B00E75108 /* ANEValue.m */,
				41175CD72046DD8F00E75108 /* MANScopeChain.h */,
				41175CD82046DD8F00E75108 /* MANScopeChain.m */,
				41175CDA2046DDD300E75108 /* MANStatementResult.h */,
				41175CDB2046DDD300E75108 /* MANStatementResult.m */,
				41175CDD2046DDFD00E75108 /* MANStack.h */,
				41175CDE2046DDFD00E75108 /* MANStack.m */,
				41175CE02046DF5400E75108 /* runenv.h */,
			);
			path = runenv;
			sourceTree = "<group>";
		};
		41D02D0E1FA8A09300E1829A = {
			isa = PBXGroup;
			children = (
				41D02D191FA8A09300E1829A /* ananasExample */,
				41D02D321FA8A09400E1829A /* ananasExampleTests */,
				41D02D3D1FA8A09400E1829A /* ananasExampleUITests */,
				41D02D181FA8A09300E1829A /* Products */,
			);
			sourceTree = "<group>";
		};
		41D02D181FA8A09300E1829A /* Products */ = {
			isa = PBXGroup;
			children = (
				41D02D171FA8A09300E1829A /* ananasExample.app */,
				41D02D2F1FA8A09400E1829A /* ananasExampleTests.xctest */,
				41D02D3A1FA8A09400E1829A /* ananasExampleUITests.xctest */,
			);
			name = Products;
			sourceTree = "<group>";
		};
		41D02D191FA8A09300E1829A /* ananasExample */ = {
			isa = PBXGroup;
			children = (
				41DF5B3620418DED0042E639 /* CTObjectiveCRuntimeAdditions */,
				41DD955620230E3F00C9DAD2 /* libffi */,
				41D02D4C1FA8A0C900E1829A /* ananas */,
				41D02D1A1FA8A09300E1829A /* AppDelegate.h */,
				41D02D1B1FA8A09300E1829A /* AppDelegate.m */,
				41D02D1D1FA8A09400E1829A /* ViewController.h */,
				41D02D1E1FA8A09400E1829A /* ViewController.m */,
				41D02D201FA8A09400E1829A /* Main.storyboard */,
				41D02D231FA8A09400E1829A /* Assets.xcassets */,
				41D02D251FA8A09400E1829A /* LaunchScreen.storyboard */,
				41D02D281FA8A09400E1829A /* Info.plist */,
				41D02D291FA8A09400E1829A /* main.m */,
			);
			path = ananasExample;
			sourceTree = "<group>";
		};
		41D02D321FA8A09400E1829A /* ananasExampleTests */ = {
			isa = PBXGroup;
			children = (
				41D02D331FA8A09400E1829A /* ananasExampleTests.m */,
				41D02D351FA8A09400E1829A /* Info.plist */,
			);
			path = ananasExampleTests;
			sourceTree = "<group>";
		};
		41D02D3D1FA8A09400E1829A /* ananasExampleUITests */ = {
			isa = PBXGroup;
			children = (
				41D02D3E1FA8A09400E1829A /* ananasExampleUITests.m */,
				41D02D401FA8A09400E1829A /* Info.plist */,
			);
			path = ananasExampleUITests;
			sourceTree = "<group>";
		};
		41D02D4C1FA8A0C900E1829A /* ananas */ = {
			isa = PBXGroup;
			children = (
				41DD95652036B78A00C9DAD2 /* util.h */,
				41DD95632036B77000C9DAD2 /* util.m */,
				412E4A681FFB60F20074536F /* demo.ana */,
				41D02D571FA9A53500E1829A /* mango.h */,
				41175CE32046E92000E75108 /* MANContext.h */,
				41175CE42046E92000E75108 /* MANContext.m */,
				41175CC42046D1B800E75108 /* execute */,
				41D02D521FA9A4C400E1829A /* compiler */,
			);
			path = ananas;
			sourceTree = SOURCE_ROOT;
		};
		41D02D521FA9A4C400E1829A /* compiler */ = {
			isa = PBXGroup;
			children = (
				41E83EA31FB9668B00A48592 /* ast */,
				41D02D6A1FA9C00700E1829A /* mango.l */,
				41D02D6B1FA9C00700E1829A /* mango.y */,
				41D02D581FA9A5E000E1829A /* create.m */,
				41CB962A1FCFF43100373143 /* errrorc.m */,
				41175CD22046D24E00E75108 /* create.h */,
			);
			path = compiler;
			sourceTree = "<group>";
		};
		41DD955620230E3F00C9DAD2 /* libffi */ = {
			isa = PBXGroup;
			children = (
				41DD955720230E3F00C9DAD2 /* ffitarget_arm64.h */,
				41DD955820230E3F00C9DAD2 /* ffitarget.h */,
				41DD955920230E3F00C9DAD2 /* ffi_arm.h */,
				41DD955A20230E3F00C9DAD2 /* ffi_i386.h */,
				41DD955B20230E3F00C9DAD2 /* ffitarget_x86_64.h */,
				41DD955C20230E3F00C9DAD2 /* ffi_x86_64.h */,
				41DD955D20230E3F00C9DAD2 /* ffitarget_arm.h */,
				41DD955E20230E3F00C9DAD2 /* ffitarget_i386.h */,
				41DD955F20230E3F00C9DAD2 /* libffi.a */,
				41DD956020230E3F00C9DAD2 /* ffi.h */,
				41DD956120230E3F00C9DAD2 /* ffi_arm64.h */,
			);
			path = libffi;
			sourceTree = "<group>";
		};
		41DF5B3620418DED0042E639 /* CTObjectiveCRuntimeAdditions */ = {
			isa = PBXGroup;
			children = (
				41DF5B3920418DED0042E639 /* CTBlockDescription.h */,
				41DF5B3720418DED0042E639 /* CTBlockDescription.m */,
				41DF5B3A20418DED0042E639 /* CTObjectiveCRuntimeAdditions.h */,
				41DF5B3820418DED0042E639 /* CTObjectiveCRuntimeAdditions.m */,
			);
			path = CTObjectiveCRuntimeAdditions;
			sourceTree = "<group>";
		};
		41E83EA31FB9668B00A48592 /* ast */ = {
			isa = PBXGroup;
			children = (
				41E83EA71FB992C200A48592 /* MANTypeSpecifier.h */,
				41E83EA81FB992C200A48592 /* MANTypeSpecifier.m */,
				41E83EA41FB9671200A48592 /* MANExpression.h */,
				41E83EA51FB9671200A48592 /* MANExpression.m */,
				41E83EB01FBD6F6600A48592 /* MANStatement.h */,
				41E83EB11FBD6F6600A48592 /* MANStatement.m */,
				41E83EAD1FBD653900A48592 /* MANFunctionDefinition.h */,
				41E83EAE1FBD653900A48592 /* MANFunctionDefinition.m */,
				41E83EAA1FBD5F8E00A48592 /* MANClassDefinition.h */,
				41E83EAB1FBD5F8E00A48592 /* MANClassDefinition.m */,
				41E83EB31FBD8C9E00A48592 /* MANStructDeclare.h */,
				41E83EB41FBD8C9E00A48592 /* MANStructDeclare.m */,
				41E83EB71FBDBED200A48592 /* man_ast.h */,
				41C98B131FC2D1DA00BADBE9 /* MANDeclaration.h */,
				41C98B141FC2D1DA00BADBE9 /* MANDeclaration.m */,
				41C98B191FC6B26500BADBE9 /* MANInterpreter.h */,
				41C98B1A1FC6B26500BADBE9 /* MANInterpreter.m */,
				41E543551FCD312600E6CED5 /* MANBlockBody.h */,
				41E543561FCD312600E6CED5 /* MANBlockBody.m */,
			);
			path = ast;
			sourceTree = "<group>";
		};
/* End PBXGroup section */

/* Begin PBXNativeTarget section */
		41D02D161FA8A09300E1829A /* ananasExample */ = {
			isa = PBXNativeTarget;
			buildConfigurationList = 41D02D431FA8A09400E1829A /* Build configuration list for PBXNativeTarget "ananasExample" */;
			buildPhases = (
				41D02D131FA8A09300E1829A /* Sources */,
				41D02D141FA8A09300E1829A /* Frameworks */,
				41D02D151FA8A09300E1829A /* Resources */,
				41D02D4D1FA8A16A00E1829A /* ShellScript */,
			);
			buildRules = (
			);
			dependencies = (
			);
			name = ananasExample;
			productName = ananasExample;
			productReference = 41D02D171FA8A09300E1829A /* ananasExample.app */;
			productType = "com.apple.product-type.application";
		};
		41D02D2E1FA8A09400E1829A /* ananasExampleTests */ = {
			isa = PBXNativeTarget;
			buildConfigurationList = 41D02D461FA8A09400E1829A /* Build configuration list for PBXNativeTarget "ananasExampleTests" */;
			buildPhases = (
				41D02D2B1FA8A09400E1829A /* Sources */,
				41D02D2C1FA8A09400E1829A /* Frameworks */,
				41D02D2D1FA8A09400E1829A /* Resources */,
			);
			buildRules = (
			);
			dependencies = (
				41D02D311FA8A09400E1829A /* PBXTargetDependency */,
			);
			name = ananasExampleTests;
			productName = ananasExampleTests;
			productReference = 41D02D2F1FA8A09400E1829A /* ananasExampleTests.xctest */;
			productType = "com.apple.product-type.bundle.unit-test";
		};
		41D02D391FA8A09400E1829A /* ananasExampleUITests */ = {
			isa = PBXNativeTarget;
			buildConfigurationList = 41D02D491FA8A09400E1829A /* Build configuration list for PBXNativeTarget "ananasExampleUITests" */;
			buildPhases = (
				41D02D361FA8A09400E1829A /* Sources */,
				41D02D371FA8A09400E1829A /* Frameworks */,
				41D02D381FA8A09400E1829A /* Resources */,
			);
			buildRules = (
			);
			dependencies = (
				41D02D3C1FA8A09400E1829A /* PBXTargetDependency */,
			);
			name = ananasExampleUITests;
			productName = ananasExampleUITests;
			productReference = 41D02D3A1FA8A09400E1829A /* ananasExampleUITests.xctest */;
			productType = "com.apple.product-type.bundle.ui-testing";
		};
/* End PBXNativeTarget section */

/* Begin PBXProject section */
		41D02D0F1FA8A09300E1829A /* Project object */ = {
			isa = PBXProject;
			attributes = {
				LastUpgradeCheck = 0900;
				ORGANIZATIONNAME = yongpengliang;
				TargetAttributes = {
					41D02D161FA8A09300E1829A = {
						CreatedOnToolsVersion = 9.0.1;
						ProvisioningStyle = Automatic;
					};
					41D02D2E1FA8A09400E1829A = {
						CreatedOnToolsVersion = 9.0.1;
						ProvisioningStyle = Automatic;
						TestTargetID = 41D02D161FA8A09300E1829A;
					};
					41D02D391FA8A09400E1829A = {
						CreatedOnToolsVersion = 9.0.1;
						ProvisioningStyle = Automatic;
						TestTargetID = 41D02D161FA8A09300E1829A;
					};
				};
			};
			buildConfigurationList = 41D02D121FA8A09300E1829A /* Build configuration list for PBXProject "ananasExample" */;
			compatibilityVersion = "Xcode 8.0";
			developmentRegion = en;
			hasScannedForEncodings = 0;
			knownRegions = (
				en,
				Base,
			);
			mainGroup = 41D02D0E1FA8A09300E1829A;
			productRefGroup = 41D02D181FA8A09300E1829A /* Products */;
			projectDirPath = "";
			projectRoot = "";
			targets = (
				41D02D161FA8A09300E1829A /* ananasExample */,
				41D02D2E1FA8A09400E1829A /* ananasExampleTests */,
				41D02D391FA8A09400E1829A /* ananasExampleUITests */,
			);
		};
/* End PBXProject section */

/* Begin PBXResourcesBuildPhase section */
		41D02D151FA8A09300E1829A /* Resources */ = {
			isa = PBXResourcesBuildPhase;
			buildActionMask = 2147483647;
			files = (
				41D02D271FA8A09400E1829A /* LaunchScreen.storyboard in Resources */,
				41D02D241FA8A09400E1829A /* Assets.xcassets in Resources */,
				41D02D221FA8A09400E1829A /* Main.storyboard in Resources */,
				412E4A691FFB60F20074536F /* demo.ana in Resources */,
			);
			runOnlyForDeploymentPostprocessing = 0;
		};
		41D02D2D1FA8A09400E1829A /* Resources */ = {
			isa = PBXResourcesBuildPhase;
			buildActionMask = 2147483647;
			files = (
			);
			runOnlyForDeploymentPostprocessing = 0;
		};
		41D02D381FA8A09400E1829A /* Resources */ = {
			isa = PBXResourcesBuildPhase;
			buildActionMask = 2147483647;
			files = (
			);
			runOnlyForDeploymentPostprocessing = 0;
		};
/* End PBXResourcesBuildPhase section */

/* Begin PBXShellScriptBuildPhase section */
		41D02D4D1FA8A16A00E1829A /* ShellScript */ = {
			isa = PBXShellScriptBuildPhase;
			buildActionMask = 2147483647;
			files = (
			);
			inputPaths = (
			);
			outputPaths = (
				"$(DERIVED_FILE_DIR)/log.txt",
			);
			runOnlyForDeploymentPostprocessing = 0;
			shellPath = /bin/sh;
			shellScript = "
";
		};
/* End PBXShellScriptBuildPhase section */

/* Begin PBXSourcesBuildPhase section */
		41D02D131FA8A09300E1829A /* Sources */ = {
			isa = PBXSourcesBuildPhase;
			buildActionMask = 2147483647;
			files = (
				41175CD02046D1B800E75108 /* execute.m in Sources */,
				41E83EAF1FBD653900A48592 /* MANFunctionDefinition.m in Sources */,
				41E543571FCD312600E6CED5 /* MANBlockBody.m in Sources */,
				41DF5B3B20418DEE0042E639 /* CTBlockDescription.m in Sources */,
				41D6AFFA1FAC3B930043AB4A /* mango.l in Sources */,
				41CB962B1FCFF43100373143 /* errrorc.m in Sources */,
				41C98B151FC2D1DA00BADBE9 /* MANDeclaration.m in Sources */,
				41D6AFFB1FAC3B930043AB4A /* mango.y in Sources */,
				41175CDC2046DDD300E75108 /* MANStatementResult.m in Sources */,
				41DD95642036B77000C9DAD2 /* util.m in Sources */,
				41175CCE2046D1B800E75108 /* built-in.m in Sources */,
				41E83EAC1FBD5F8E00A48592 /* MANClassDefinition.m in Sources */,
				41C98B1B1FC6B26500BADBE9 /* MANInterpreter.m in Sources */,
				41DF5B3C20418DEE0042E639 /* CTObjectiveCRuntimeAdditions.m in Sources */,
				41175CD12046D1B800E75108 /* MANBlock.m in Sources */,
				4179D0AA20412CBD009CB6D3 /* ANANASStructDeclareTable.m in Sources */,
				41E83EB21FBD6F6600A48592 /* MANStatement.m in Sources */,
				41D02D1F1FA8A09400E1829A /* ViewController.m in Sources */,
				41175CD62046DD1B00E75108 /* ANEValue.m in Sources */,
				41E83EB51FBD8C9E00A48592 /* MANStructDeclare.m in Sources */,
				41E83EA91FB992C200A48592 /* MANTypeSpecifier.m in Sources */,
				41E83EA61FB9671200A48592 /* MANExpression.m in Sources */,
				41175CCD2046D1B800E75108 /* eval.m in Sources */,
				41D02D2A1FA8A09400E1829A /* main.m in Sources */,
				41D02D1C1FA8A09300E1829A /* AppDelegate.m in Sources */,
				4179D0A720403A52009CB6D3 /* ANANASMethodMapTable.m in Sources */,
				41175CD92046DD8F00E75108 /* MANScopeChain.m in Sources */,
				41D02D591FA9A5E000E1829A /* create.m in Sources */,
				41175CE52046E92000E75108 /* MANContext.m in Sources */,
				41175CDF2046DDFD00E75108 /* MANStack.m in Sources */,
			);
			runOnlyForDeploymentPostprocessing = 0;
		};
		41D02D2B1FA8A09400E1829A /* Sources */ = {
			isa = PBXSourcesBuildPhase;
			buildActionMask = 2147483647;
			files = (
				41D02D341FA8A09400E1829A /* ananasExampleTests.m in Sources */,
			);
			runOnlyForDeploymentPostprocessing = 0;
		};
		41D02D361FA8A09400E1829A /* Sources */ = {
			isa = PBXSourcesBuildPhase;
			buildActionMask = 2147483647;
			files = (
				41D02D3F1FA8A09400E1829A /* ananasExampleUITests.m in Sources */,
			);
			runOnlyForDeploymentPostprocessing = 0;
		};
/* End PBXSourcesBuildPhase section */

/* Begin PBXTargetDependency section */
		41D02D311FA8A09400E1829A /* PBXTargetDependency */ = {
			isa = PBXTargetDependency;
			target = 41D02D161FA8A09300E1829A /* ananasExample */;
			targetProxy = 41D02D301FA8A09400E1829A /* PBXContainerItemProxy */;
		};
		41D02D3C1FA8A09400E1829A /* PBXTargetDependency */ = {
			isa = PBXTargetDependency;
			target = 41D02D161FA8A09300E1829A /* ananasExample */;
			targetProxy = 41D02D3B1FA8A09400E1829A /* PBXContainerItemProxy */;
		};
/* End PBXTargetDependency section */

/* Begin PBXVariantGroup section */
		41D02D201FA8A09400E1829A /* Main.storyboard */ = {
			isa = PBXVariantGroup;
			children = (
				41D02D211FA8A09400E1829A /* Base */,
			);
			name = Main.storyboard;
			sourceTree = "<group>";
		};
		41D02D251FA8A09400E1829A /* LaunchScreen.storyboard */ = {
			isa = PBXVariantGroup;
			children = (
				41D02D261FA8A09400E1829A /* Base */,
			);
			name = LaunchScreen.storyboard;
			sourceTree = "<group>";
		};
/* End PBXVariantGroup section */

/* Begin XCBuildConfiguration section */
		41D02D411FA8A09400E1829A /* Debug */ = {
			isa = XCBuildConfiguration;
			buildSettings = {
				ALWAYS_SEARCH_USER_PATHS = NO;
				CLANG_ANALYZER_NONNULL = YES;
				CLANG_ANALYZER_NUMBER_OBJECT_CONVERSION = YES_AGGRESSIVE;
				CLANG_CXX_LANGUAGE_STANDARD = "gnu++14";
				CLANG_CXX_LIBRARY = "libc++";
				CLANG_ENABLE_MODULES = YES;
				CLANG_ENABLE_OBJC_ARC = YES;
				CLANG_WARN_BLOCK_CAPTURE_AUTORELEASING = YES;
				CLANG_WARN_BOOL_CONVERSION = YES;
				CLANG_WARN_COMMA = YES;
				CLANG_WARN_CONSTANT_CONVERSION = YES;
				CLANG_WARN_DIRECT_OBJC_ISA_USAGE = YES_ERROR;
				CLANG_WARN_DOCUMENTATION_COMMENTS = YES;
				CLANG_WARN_EMPTY_BODY = YES;
				CLANG_WARN_ENUM_CONVERSION = YES;
				CLANG_WARN_INFINITE_RECURSION = YES;
				CLANG_WARN_INT_CONVERSION = YES;
				CLANG_WARN_NON_LITERAL_NULL_CONVERSION = YES;
				CLANG_WARN_OBJC_LITERAL_CONVERSION = YES;
				CLANG_WARN_OBJC_ROOT_CLASS = YES_ERROR;
				CLANG_WARN_RANGE_LOOP_ANALYSIS = YES;
				CLANG_WARN_STRICT_PROTOTYPES = YES;
				CLANG_WARN_SUSPICIOUS_MOVE = YES;
				CLANG_WARN_UNGUARDED_AVAILABILITY = YES_AGGRESSIVE;
				CLANG_WARN_UNREACHABLE_CODE = YES;
				CLANG_WARN__DUPLICATE_METHOD_MATCH = YES;
				CODE_SIGN_IDENTITY = "iPhone Developer";
				COPY_PHASE_STRIP = NO;
				DEBUG_INFORMATION_FORMAT = dwarf;
				ENABLE_STRICT_OBJC_MSGSEND = YES;
				ENABLE_TESTABILITY = YES;
				GCC_C_LANGUAGE_STANDARD = gnu11;
				GCC_DYNAMIC_NO_PIC = NO;
				GCC_INPUT_FILETYPE = sourcecode.c.objc;
				GCC_NO_COMMON_BLOCKS = YES;
				GCC_OPTIMIZATION_LEVEL = 0;
				GCC_PREPROCESSOR_DEFINITIONS = (
					"DEBUG=1",
					"$(inherited)",
				);
				GCC_WARN_64_TO_32_BIT_CONVERSION = YES;
				GCC_WARN_ABOUT_RETURN_TYPE = YES_ERROR;
				GCC_WARN_UNDECLARED_SELECTOR = YES;
				GCC_WARN_UNINITIALIZED_AUTOS = YES_AGGRESSIVE;
				GCC_WARN_UNUSED_FUNCTION = YES;
				GCC_WARN_UNUSED_VARIABLE = YES;
				IPHONEOS_DEPLOYMENT_TARGET = 11.0;
				LEXFLAGS = "";
				MTL_ENABLE_DEBUG_INFO = YES;
				ONLY_ACTIVE_ARCH = YES;
				SDKROOT = iphoneos;
				YACCFLAGS = "";
				YACC_GENERATED_FILE_STEM = Standard;
				YACC_GENERATE_DEBUGGING_DIRECTIVES = YES;
				YACC_INSERT_LINE_DIRECTIVES = YES;
			};
			name = Debug;
		};
		41D02D421FA8A09400E1829A /* Release */ = {
			isa = XCBuildConfiguration;
			buildSettings = {
				ALWAYS_SEARCH_USER_PATHS = NO;
				CLANG_ANALYZER_NONNULL = YES;
				CLANG_ANALYZER_NUMBER_OBJECT_CONVERSION = YES_AGGRESSIVE;
				CLANG_CXX_LANGUAGE_STANDARD = "gnu++14";
				CLANG_CXX_LIBRARY = "libc++";
				CLANG_ENABLE_MODULES = YES;
				CLANG_ENABLE_OBJC_ARC = YES;
				CLANG_WARN_BLOCK_CAPTURE_AUTORELEASING = YES;
				CLANG_WARN_BOOL_CONVERSION = YES;
				CLANG_WARN_COMMA = YES;
				CLANG_WARN_CONSTANT_CONVERSION = YES;
				CLANG_WARN_DIRECT_OBJC_ISA_USAGE = YES_ERROR;
				CLANG_WARN_DOCUMENTATION_COMMENTS = YES;
				CLANG_WARN_EMPTY_BODY = YES;
				CLANG_WARN_ENUM_CONVERSION = YES;
				CLANG_WARN_INFINITE_RECURSION = YES;
				CLANG_WARN_INT_CONVERSION = YES;
				CLANG_WARN_NON_LITERAL_NULL_CONVERSION = YES;
				CLANG_WARN_OBJC_LITERAL_CONVERSION = YES;
				CLANG_WARN_OBJC_ROOT_CLASS = YES_ERROR;
				CLANG_WARN_RANGE_LOOP_ANALYSIS = YES;
				CLANG_WARN_STRICT_PROTOTYPES = YES;
				CLANG_WARN_SUSPICIOUS_MOVE = YES;
				CLANG_WARN_UNGUARDED_AVAILABILITY = YES_AGGRESSIVE;
				CLANG_WARN_UNREACHABLE_CODE = YES;
				CLANG_WARN__DUPLICATE_METHOD_MATCH = YES;
				CODE_SIGN_IDENTITY = "iPhone Developer";
				COPY_PHASE_STRIP = NO;
				DEBUG_INFORMATION_FORMAT = "dwarf-with-dsym";
				ENABLE_NS_ASSERTIONS = NO;
				ENABLE_STRICT_OBJC_MSGSEND = YES;
				GCC_C_LANGUAGE_STANDARD = gnu11;
				GCC_INPUT_FILETYPE = sourcecode.c.objc;
				GCC_NO_COMMON_BLOCKS = YES;
				GCC_WARN_64_TO_32_BIT_CONVERSION = YES;
				GCC_WARN_ABOUT_RETURN_TYPE = YES_ERROR;
				GCC_WARN_UNDECLARED_SELECTOR = YES;
				GCC_WARN_UNINITIALIZED_AUTOS = YES_AGGRESSIVE;
				GCC_WARN_UNUSED_FUNCTION = YES;
				GCC_WARN_UNUSED_VARIABLE = YES;
				IPHONEOS_DEPLOYMENT_TARGET = 11.0;
				LEXFLAGS = "";
				MTL_ENABLE_DEBUG_INFO = NO;
				SDKROOT = iphoneos;
				VALIDATE_PRODUCT = YES;
				YACCFLAGS = "";
				YACC_GENERATED_FILE_STEM = Standard;
				YACC_GENERATE_DEBUGGING_DIRECTIVES = YES;
				YACC_INSERT_LINE_DIRECTIVES = YES;
			};
			name = Release;
		};
		41D02D441FA8A09400E1829A /* Debug */ = {
			isa = XCBuildConfiguration;
			buildSettings = {
				ASSETCATALOG_COMPILER_APPICON_NAME = AppIcon;
				CODE_SIGN_STYLE = Automatic;
				DEVELOPMENT_TEAM = UZH7RM4G39;
				INFOPLIST_FILE = ananasExample/Info.plist;
				LD_RUNPATH_SEARCH_PATHS = "$(inherited) @executable_path/Frameworks";
				LIBRARY_SEARCH_PATHS = (
					"$(inherited)",
					"$(PROJECT_DIR)/ananasExample/libffi",
				);
				PRODUCT_BUNDLE_IDENTIFIER = org.jerry.ananasExample;
				PRODUCT_NAME = "$(TARGET_NAME)";
				TARGETED_DEVICE_FAMILY = "1,2";
			};
			name = Debug;
		};
		41D02D451FA8A09400E1829A /* Release */ = {
			isa = XCBuildConfiguration;
			buildSettings = {
				ASSETCATALOG_COMPILER_APPICON_NAME = AppIcon;
				CODE_SIGN_STYLE = Automatic;
				DEVELOPMENT_TEAM = UZH7RM4G39;
				INFOPLIST_FILE = ananasExample/Info.plist;
				LD_RUNPATH_SEARCH_PATHS = "$(inherited) @executable_path/Frameworks";
				LIBRARY_SEARCH_PATHS = (
					"$(inherited)",
					"$(PROJECT_DIR)/ananasExample/libffi",
				);
				PRODUCT_BUNDLE_IDENTIFIER = org.jerry.ananasExample;
				PRODUCT_NAME = "$(TARGET_NAME)";
				TARGETED_DEVICE_FAMILY = "1,2";
			};
			name = Release;
		};
		41D02D471FA8A09400E1829A /* Debug */ = {
			isa = XCBuildConfiguration;
			buildSettings = {
				BUNDLE_LOADER = "$(TEST_HOST)";
				CODE_SIGN_STYLE = Automatic;
				DEVELOPMENT_TEAM = UZH7RM4G39;
				INFOPLIST_FILE = ananasExampleTests/Info.plist;
				LD_RUNPATH_SEARCH_PATHS = "$(inherited) @executable_path/Frameworks @loader_path/Frameworks";
				PRODUCT_BUNDLE_IDENTIFIER = org.jerry.ananasExampleTests;
				PRODUCT_NAME = "$(TARGET_NAME)";
				TARGETED_DEVICE_FAMILY = "1,2";
				TEST_HOST = "$(BUILT_PRODUCTS_DIR)/ananasExample.app/ananasExample";
			};
			name = Debug;
		};
		41D02D481FA8A09400E1829A /* Release */ = {
			isa = XCBuildConfiguration;
			buildSettings = {
				BUNDLE_LOADER = "$(TEST_HOST)";
				CODE_SIGN_STYLE = Automatic;
				DEVELOPMENT_TEAM = UZH7RM4G39;
				INFOPLIST_FILE = ananasExampleTests/Info.plist;
				LD_RUNPATH_SEARCH_PATHS = "$(inherited) @executable_path/Frameworks @loader_path/Frameworks";
				PRODUCT_BUNDLE_IDENTIFIER = org.jerry.ananasExampleTests;
				PRODUCT_NAME = "$(TARGET_NAME)";
				TARGETED_DEVICE_FAMILY = "1,2";
				TEST_HOST = "$(BUILT_PRODUCTS_DIR)/ananasExample.app/ananasExample";
			};
			name = Release;
		};
		41D02D4A1FA8A09400E1829A /* Debug */ = {
			isa = XCBuildConfiguration;
			buildSettings = {
				CODE_SIGN_STYLE = Automatic;
				DEVELOPMENT_TEAM = UZH7RM4G39;
				INFOPLIST_FILE = ananasExampleUITests/Info.plist;
				LD_RUNPATH_SEARCH_PATHS = "$(inherited) @executable_path/Frameworks @loader_path/Frameworks";
				PRODUCT_BUNDLE_IDENTIFIER = org.jerry.ananasExampleUITests;
				PRODUCT_NAME = "$(TARGET_NAME)";
				TARGETED_DEVICE_FAMILY = "1,2";
				TEST_TARGET_NAME = ananasExample;
			};
			name = Debug;
		};
		41D02D4B1FA8A09400E1829A /* Release */ = {
			isa = XCBuildConfiguration;
			buildSettings = {
				CODE_SIGN_STYLE = Automatic;
				DEVELOPMENT_TEAM = UZH7RM4G39;
				INFOPLIST_FILE = ananasExampleUITests/Info.plist;
				LD_RUNPATH_SEARCH_PATHS = "$(inherited) @executable_path/Frameworks @loader_path/Frameworks";
				PRODUCT_BUNDLE_IDENTIFIER = org.jerry.ananasExampleUITests;
				PRODUCT_NAME = "$(TARGET_NAME)";
				TARGETED_DEVICE_FAMILY = "1,2";
				TEST_TARGET_NAME = ananasExample;
			};
			name = Release;
		};
/* End XCBuildConfiguration section */

/* Begin XCConfigurationList section */
		41D02D121FA8A09300E1829A /* Build configuration list for PBXProject "ananasExample" */ = {
			isa = XCConfigurationList;
			buildConfigurations = (
				41D02D411FA8A09400E1829A /* Debug */,
				41D02D421FA8A09400E1829A /* Release */,
			);
			defaultConfigurationIsVisible = 0;
			defaultConfigurationName = Release;
		};
		41D02D431FA8A09400E1829A /* Build configuration list for PBXNativeTarget "ananasExample" */ = {
			isa = XCConfigurationList;
			buildConfigurations = (
				41D02D441FA8A09400E1829A /* Debug */,
				41D02D451FA8A09400E1829A /* Release */,
			);
			defaultConfigurationIsVisible = 0;
			defaultConfigurationName = Release;
		};
		41D02D461FA8A09400E1829A /* Build configuration list for PBXNativeTarget "ananasExampleTests" */ = {
			isa = XCConfigurationList;
			buildConfigurations = (
				41D02D471FA8A09400E1829A /* Debug */,
				41D02D481FA8A09400E1829A /* Release */,
			);
			defaultConfigurationIsVisible = 0;
			defaultConfigurationName = Release;
		};
		41D02D491FA8A09400E1829A /* Build configuration list for PBXNativeTarget "ananasExampleUITests" */ = {
			isa = XCConfigurationList;
			buildConfigurations = (
				41D02D4A1FA8A09400E1829A /* Debug */,
				41D02D4B1FA8A09400E1829A /* Release */,
			);
			defaultConfigurationIsVisible = 0;
			defaultConfigurationName = Release;
		};
/* End XCConfigurationList section */
	};
	rootObject = 41D02D0F1FA8A09300E1829A /* Project object */;
}
